
Microsoft Visual Studio Solution File, Format Version 12.00
# Visual Studio Version 17
VisualStudioVersion = 17.4.33213.308
MinimumVisualStudioVersion = 10.0.40219.1
Project("{9A19103F-16F7-4668-BE54-9A1E7A4F7556}") = "Lab12_PH00000", "Lab12_PH00000\Lab12_PH00000.csproj", "{C6A39CF0-72F0-4AD4-A7A9-46427A12D17E}"
EndProject
Project("{FAE04EC0-301F-11D3-BF4B-00C04F79EFBC}") = "MVC_EFCore", "MVC_EFCore\MVC_EFCore.csproj", "{025D2B27-2AD5-416D-9E01-0CE7FD7833DF}"
EndProject
Global
	GlobalSection(SolutionConfigurationPlatforms) = preSolution
		Debug|Any CPU = Debug|Any CPU
		Release|Any CPU = Release|Any CPU
	EndGlobalSection
	GlobalSection(ProjectConfigurationPlatforms) = postSolution
		{C6A39CF0-72F0-4AD4-A7A9-46427A12D17E}.Debug|Any CPU.ActiveCfg = Debug|Any CPU
		{C6A39CF0-72F0-4AD4-A7A9-46427A12D17E}.Debug|Any CPU.Build.0 = Debug|Any CPU
		{C6A39CF0-72F0-4AD4-A7A9-46427A12D17E}.Release|Any CPU.ActiveCfg = Release|Any CPU
		{C6A39CF0-72F0-4AD4-A7A9-46427A12D17E}.Release|Any CPU.Build.0 = Release|Any CPU
		{025D2B27-2AD5-416D-9E01-0CE7FD7833DF}.Debug|Any CPU.ActiveCfg = Debug|Any CPU
		{025D2B27-2AD5-416D-9E01-0CE7FD7833DF}.Debug|Any CPU.Build.0 = Debug|Any CPU
		{025D2B27-2AD5-416D-9E01-0CE7FD7833DF}.Release|Any CPU.ActiveCfg = Release|Any CPU
		{025D2B27-2AD5-416D-9E01-0CE7FD7833DF}.Release|Any CPU.Build.0 = Release|Any CPU
	EndGlobalSection
	GlobalSection(SolutionProperties) = preSolution
		HideSolutionNode = FALSE
	EndGlobalSection
	GlobalSection(ExtensibilityGlobals) = postSolution
		SolutionGuid = {E07141F7-CE95-4091-8FD0-F33629F68FF9}
	EndGlobalSection
EndGlobal
